
Microsoft Visual Studio Solution File, Format Version 12.00
# Visual Studio Version 17
VisualStudioVersion = 17.4.33103.184
MinimumVisualStudioVersion = 10.0.40219.1
Project("{FAE04EC0-301F-11D3-BF4B-00C04F79EFBC}") = "CRUDAgenda", "CRUDAgenda\CRUDAgenda.csproj", "{7D5A4CA1-7655-4985-AE8E-A005EC25ED58}"
EndProject
Global
	GlobalSection(SolutionConfigurationPlatforms) = preSolution
		Debug|Any CPU = Debug|Any CPU
		Release|Any CPU = Release|Any CPU
	EndGlobalSection
	GlobalSection(ProjectConfigurationPlatforms) = postSolution
		{7D5A4CA1-7655-4985-AE8E-A005EC25ED58}.Debug|Any CPU.ActiveCfg = Debug|Any CPU
		{7D5A4CA1-7655-4985-AE8E-A005EC25ED58}.Debug|Any CPU.Build.0 = Debug|Any CPU
		{7D5A4CA1-7655-4985-AE8E-A005EC25ED58}.Release|Any CPU.ActiveCfg = Release|Any CPU
		{7D5A4CA1-7655-4985-AE8E-A005EC25ED58}.Release|Any CPU.Build.0 = Release|Any CPU
	EndGlobalSection
	GlobalSection(SolutionProperties) = preSolution
		HideSolutionNode = FALSE
	EndGlobalSection
	GlobalSection(ExtensibilityGlobals) = postSolution
		SolutionGuid = {1540CC07-E5D3-480F-BE9F-F2EA1B9D5B69}
	EndGlobalSection
EndGlobal
